{
  "nodes": {
    "nixpkgs": {
      "locked": {
        "lastModified": 1690835256,
        "narHash": "sha256-SZy/Nvwbf6CorhEsvmjqgjoYNLnRfaKVZMfSnpUDPnc=",
        "owner": "NixOS",
        "repo": "nixpkgs",
        "rev": "b7cde1c47b7316f6138a2b36ef6627f3d16d645c",
        "type": "github"
      },
      "original": {
        "owner": "NixOS",
        "repo": "nixpkgs",
        "rev": "b7cde1c47b7316f6138a2b36ef6627f3d16d645c",
        "type": "github"
      }
    },
    "pulumi_darwin_arm64": {
      "flake": false,
      "locked": {
        "lastModified": 1719017016,
        "narHash": "sha256-Rrn+gfRC3e1CvFFjc/u+rzbsSM5XLPpWCVVoVB/arkU=",
        "type": "tarball",
        "url": "https://github.com/pulumi/pulumi/releases/download/v3.121.0/pulumi-v3.121.0-darwin-arm64.tar.gz"
      },
      "original": {
        "type": "tarball",
        "url": "https://github.com/pulumi/pulumi/releases/download/v3.121.0/pulumi-v3.121.0-darwin-arm64.tar.gz"
      }
    },
    "pulumi_darwin_x64": {
      "flake": false,
      "locked": {
        "lastModified": 1719017010,
        "narHash": "sha256-J3z75vKw84KM+LwA2atK5jnq3Vk/4I1i0QjETLAyZtM=",
        "type": "tarball",
        "url": "https://github.com/pulumi/pulumi/releases/download/v3.121.0/pulumi-v3.121.0-darwin-x64.tar.gz"
      },
      "original": {
        "type": "tarball",
        "url": "https://github.com/pulumi/pulumi/releases/download/v3.121.0/pulumi-v3.121.0-darwin-x64.tar.gz"
      }
    },
    "pulumi_linux_arm64": {
      "flake": false,
      "locked": {
        "lastModified": 1719017013,
        "narHash": "sha256-dHoL69JxzRJyfb0bOd+Z3H/MLTe6WqFrKCaPyIvbr8Q=",
        "type": "tarball",
        "url": "https://github.com/pulumi/pulumi/releases/download/v3.121.0/pulumi-v3.121.0-linux-arm64.tar.gz"
      },
      "original": {
        "type": "tarball",
        "url": "https://github.com/pulumi/pulumi/releases/download/v3.121.0/pulumi-v3.121.0-linux-arm64.tar.gz"
      }
    },
    "pulumi_linux_x64": {
      "flake": false,
      "locked": {
        "lastModified": 1719017011,
        "narHash": "sha256-ZXDdJeAzOOkDMRLAvMUDfcLcPYKXz+o0TGjUCFr9PZE=",
        "type": "tarball",
        "url": "https://github.com/pulumi/pulumi/releases/download/v3.121.0/pulumi-v3.121.0-linux-x64.tar.gz"
      },
      "original": {
        "type": "tarball",
        "url": "https://github.com/pulumi/pulumi/releases/download/v3.121.0/pulumi-v3.121.0-linux-x64.tar.gz"
      }
    },
    "root": {
      "inputs": {
        "nixpkgs": "nixpkgs",
        "pulumi_darwin_arm64": "pulumi_darwin_arm64",
        "pulumi_darwin_x64": "pulumi_darwin_x64",
        "pulumi_linux_arm64": "pulumi_linux_arm64",
        "pulumi_linux_x64": "pulumi_linux_x64"
      }
    }
  },
  "root": "root",
  "version": 7
}
