{
  "nodes": {
    "nixpkgs": {
      "locked": {
        "lastModified": 1690835256,
        "narHash": "sha256-SZy/Nvwbf6CorhEsvmjqgjoYNLnRfaKVZMfSnpUDPnc=",
        "owner": "NixOS",
        "repo": "nixpkgs",
        "rev": "b7cde1c47b7316f6138a2b36ef6627f3d16d645c",
        "type": "github"
      },
      "original": {
        "owner": "NixOS",
        "repo": "nixpkgs",
        "rev": "b7cde1c47b7316f6138a2b36ef6627f3d16d645c",
        "type": "github"
      }
    },
    "pulumi_darwin_arm64": {
      "flake": false,
      "locked": {
        "narHash": "sha256-lX8840uOhKynPQjSJw/f5FONRUiq4GcIiq4EqeVtS14=",
        "type": "tarball",
        "url": "https://github.com/pulumi/pulumi/releases/download/v3.92.0/pulumi-v3.92.0-darwin-arm64.tar.gz"
      },
      "original": {
        "type": "tarball",
        "url": "https://github.com/pulumi/pulumi/releases/download/v3.92.0/pulumi-v3.92.0-darwin-arm64.tar.gz"
      }
    },
    "pulumi_darwin_x64": {
      "flake": false,
      "locked": {
        "narHash": "sha256-XdAFwO1yYINMwMRL5W7GaXYQ96c6oDYVUF/TLEZQ7AQ=",
        "type": "tarball",
        "url": "https://github.com/pulumi/pulumi/releases/download/v3.92.0/pulumi-v3.92.0-darwin-x64.tar.gz"
      },
      "original": {
        "type": "tarball",
        "url": "https://github.com/pulumi/pulumi/releases/download/v3.92.0/pulumi-v3.92.0-darwin-x64.tar.gz"
      }
    },
    "pulumi_linux_arm64": {
      "flake": false,
      "locked": {
        "narHash": "sha256-26JP1btEdddTpWsWSCzGUurLRzJ9XwLtfiXcQ7u8Y8o=",
        "type": "tarball",
        "url": "https://github.com/pulumi/pulumi/releases/download/v3.92.0/pulumi-v3.92.0-linux-arm64.tar.gz"
      },
      "original": {
        "type": "tarball",
        "url": "https://github.com/pulumi/pulumi/releases/download/v3.92.0/pulumi-v3.92.0-linux-arm64.tar.gz"
      }
    },
    "pulumi_linux_x64": {
      "flake": false,
      "locked": {
        "narHash": "sha256-pHOeiH58zO//Q+In/vaJz+mTKbfT6mepyMXYDJ/yZbI=",
        "type": "tarball",
        "url": "https://github.com/pulumi/pulumi/releases/download/v3.92.0/pulumi-v3.92.0-linux-x64.tar.gz"
      },
      "original": {
        "type": "tarball",
        "url": "https://github.com/pulumi/pulumi/releases/download/v3.92.0/pulumi-v3.92.0-linux-x64.tar.gz"
      }
    },
    "root": {
      "inputs": {
        "nixpkgs": "nixpkgs",
        "pulumi_darwin_arm64": "pulumi_darwin_arm64",
        "pulumi_darwin_x64": "pulumi_darwin_x64",
        "pulumi_linux_arm64": "pulumi_linux_arm64",
        "pulumi_linux_x64": "pulumi_linux_x64"
      }
    }
  },
  "root": "root",
  "version": 7
}
