{
  "nodes": {
    "nixpkgs": {
      "locked": {
        "lastModified": 1690835256,
        "narHash": "sha256-SZy/Nvwbf6CorhEsvmjqgjoYNLnRfaKVZMfSnpUDPnc=",
        "owner": "NixOS",
        "repo": "nixpkgs",
        "rev": "b7cde1c47b7316f6138a2b36ef6627f3d16d645c",
        "type": "github"
      },
      "original": {
        "owner": "NixOS",
        "repo": "nixpkgs",
        "rev": "b7cde1c47b7316f6138a2b36ef6627f3d16d645c",
        "type": "github"
      }
    },
    "pulumi_darwin_arm64": {
      "flake": false,
      "locked": {
        "lastModified": 1701787008,
        "narHash": "sha256-WIcOIJ8MElXuSqQT6jCiXGMCJste/cN1ipHjh3xoPUI=",
        "type": "tarball",
        "url": "https://github.com/pulumi/pulumi/releases/download/v3.95.0/pulumi-v3.95.0-darwin-arm64.tar.gz"
      },
      "original": {
        "type": "tarball",
        "url": "https://github.com/pulumi/pulumi/releases/download/v3.95.0/pulumi-v3.95.0-darwin-arm64.tar.gz"
      }
    },
    "pulumi_darwin_x64": {
      "flake": false,
      "locked": {
        "lastModified": 1701787034,
        "narHash": "sha256-jJme1YvNo0N/OiAlOx8kbTOiTu0zh76QiizqfCMZ03E=",
        "type": "tarball",
        "url": "https://github.com/pulumi/pulumi/releases/download/v3.95.0/pulumi-v3.95.0-darwin-x64.tar.gz"
      },
      "original": {
        "type": "tarball",
        "url": "https://github.com/pulumi/pulumi/releases/download/v3.95.0/pulumi-v3.95.0-darwin-x64.tar.gz"
      }
    },
    "pulumi_linux_arm64": {
      "flake": false,
      "locked": {
        "lastModified": 1701787058,
        "narHash": "sha256-O2UgiaENTAXkG8f3hsszZa3f0HACH/TVOU6kHf+H4qI=",
        "type": "tarball",
        "url": "https://github.com/pulumi/pulumi/releases/download/v3.95.0/pulumi-v3.95.0-linux-arm64.tar.gz"
      },
      "original": {
        "type": "tarball",
        "url": "https://github.com/pulumi/pulumi/releases/download/v3.95.0/pulumi-v3.95.0-linux-arm64.tar.gz"
      }
    },
    "pulumi_linux_x64": {
      "flake": false,
      "locked": {
        "lastModified": 1701787083,
        "narHash": "sha256-/OnZHvioQUNex+l5GmLVaHBP9qrUY07Fj6OxHqYvzkw=",
        "type": "tarball",
        "url": "https://github.com/pulumi/pulumi/releases/download/v3.95.0/pulumi-v3.95.0-linux-x64.tar.gz"
      },
      "original": {
        "type": "tarball",
        "url": "https://github.com/pulumi/pulumi/releases/download/v3.95.0/pulumi-v3.95.0-linux-x64.tar.gz"
      }
    },
    "root": {
      "inputs": {
        "nixpkgs": "nixpkgs",
        "pulumi_darwin_arm64": "pulumi_darwin_arm64",
        "pulumi_darwin_x64": "pulumi_darwin_x64",
        "pulumi_linux_arm64": "pulumi_linux_arm64",
        "pulumi_linux_x64": "pulumi_linux_x64"
      }
    }
  },
  "root": "root",
  "version": 7
}
